// !$*UTF8*$!
{
	archiveVersion = 1;
	classes = {
	};
	objectVersion = 52;
	objects = {

/* Begin PBXBuildFile section */
		AA6FD69B268C403D00F9C743 /* AppDelegate.swift in Sources */ = {isa = PBXBuildFile; fileRef = AA6FD69A268C403D00F9C743 /* AppDelegate.swift */; };
		AA6FD69D268C403D00F9C743 /* SceneDelegate.swift in Sources */ = {isa = PBXBuildFile; fileRef = AA6FD69C268C403D00F9C743 /* SceneDelegate.swift */; };
		AA6FD69F268C403D00F9C743 /* ViewController.swift in Sources */ = {isa = PBXBuildFile; fileRef = AA6FD69E268C403D00F9C743 /* ViewController.swift */; };
		AA6FD6A2268C403D00F9C743 /* Main.storyboard in Resources */ = {isa = PBXBuildFile; fileRef = AA6FD6A0268C403D00F9C743 /* Main.storyboard */; };
		AA6FD6A4268C403E00F9C743 /* Assets.xcassets in Resources */ = {isa = PBXBuildFile; fileRef = AA6FD6A3268C403E00F9C743 /* Assets.xcassets */; };
		AA6FD6A7268C403E00F9C743 /* LaunchScreen.storyboard in Resources */ = {isa = PBXBuildFile; fileRef = AA6FD6A5268C403E00F9C743 /* LaunchScreen.storyboard */; };
		AA6FD6B0268C407000F9C743 /* SwiftyJSON in Frameworks */ = {isa = PBXBuildFile; productRef = AA6FD6AF268C407000F9C743 /* SwiftyJSON */; };
		AA6FD6B3268C409400F9C743 /* Alamofire in Frameworks */ = {isa = PBXBuildFile; productRef = AA6FD6B2268C409400F9C743 /* Alamofire */; };
/* End PBXBuildFile section */

/* Begin PBXFileReference section */
		AA6FD697268C403D00F9C743 /* AnimalFriends2021Summer.app */ = {isa = PBXFileReference; explicitFileType = wrapper.application; includeInIndex = 0; path = AnimalFriends2021Summer.app; sourceTree = BUILT_PRODUCTS_DIR; };
		AA6FD69A268C403D00F9C743 /* AppDelegate.swift */ = {isa = PBXFileReference; lastKnownFileType = sourcecode.swift; path = AppDelegate.swift; sourceTree = "<group>"; };
		AA6FD69C268C403D00F9C743 /* SceneDelegate.swift */ = {isa = PBXFileReference; lastKnownFileType = sourcecode.swift; path = SceneDelegate.swift; sourceTree = "<group>"; };
		AA6FD69E268C403D00F9C743 /* ViewController.swift */ = {isa = PBXFileReference; lastKnownFileType = sourcecode.swift; path = ViewController.swift; sourceTree = "<group>"; };
		AA6FD6A1268C403D00F9C743 /* Base */ = {isa = PBXFileReference; lastKnownFileType = file.storyboard; name = Base; path = Base.lproj/Main.storyboard; sourceTree = "<group>"; };
		AA6FD6A3268C403E00F9C743 /* Assets.xcassets */ = {isa = PBXFileReference; lastKnownFileType = folder.assetcatalog; path = Assets.xcassets; sourceTree = "<group>"; };
		AA6FD6A6268C403E00F9C743 /* Base */ = {isa = PBXFileReference; lastKnownFileType = file.storyboard; name = Base; path = Base.lproj/LaunchScreen.storyboard; sourceTree = "<group>"; };
		AA6FD6A8268C403E00F9C743 /* Info.plist */ = {isa = PBXFileReference; lastKnownFileType = text.plist.xml; path = Info.plist; sourceTree = "<group>"; };
/* End PBXFileReference section */

/* Begin PBXFrameworksBuildPhase section */
		AA6FD694268C403D00F9C743 /* Frameworks */ = {
			isa = PBXFrameworksBuildPhase;
			buildActionMask = 2147483647;
			files = (
				AA6FD6B0268C407000F9C743 /* SwiftyJSON in Frameworks */,
				AA6FD6B3268C409400F9C743 /* Alamofire in Frameworks */,
			);
			runOnlyForDeploymentPostprocessing = 0;
		};
/* End PBXFrameworksBuildPhase section */

/* Begin PBXGroup section */
		AA6FD68E268C403D00F9C743 = {
			isa = PBXGroup;
			children = (
				AA6FD699268C403D00F9C743 /* AnimalFriends2021Summer */,
				AA6FD698268C403D00F9C743 /* Products */,
			);
			sourceTree = "<group>";
		};
		AA6FD698268C403D00F9C743 /* Products */ = {
			isa = PBXGroup;
			children = (
				AA6FD697268C403D00F9C743 /* AnimalFriends2021Summer.app */,
			);
			name = Products;
			sourceTree = "<group>";
		};
		AA6FD699268C403D00F9C743 /* AnimalFriends2021Summer */ = {
			isa = PBXGroup;
			children = (
				AA6FD69A268C403D00F9C743 /* AppDelegate.swift */,
				AA6FD69C268C403D00F9C743 /* SceneDelegate.swift */,
				AA6FD69E268C403D00F9C743 /* ViewController.swift */,
				AA6FD6A0268C403D00F9C743 /* Main.storyboard */,
				AA6FD6A3268C403E00F9C743 /* Assets.xcassets */,
				AA6FD6A5268C403E00F9C743 /* LaunchScreen.storyboard */,
				AA6FD6A8268C403E00F9C743 /* Info.plist */,
			);
			path = AnimalFriends2021Summer;
			sourceTree = "<group>";
		};
/* End PBXGroup section */

/* Begin PBXNativeTarget section */
		AA6FD696268C403D00F9C743 /* AnimalFriends2021Summer */ = {
			isa = PBXNativeTarget;
			buildConfigurationList = AA6FD6AB268C403E00F9C743 /* Build configuration list for PBXNativeTarget "AnimalFriends2021Summer" */;
			buildPhases = (
				AA6FD693268C403D00F9C743 /* Sources */,
				AA6FD694268C403D00F9C743 /* Frameworks */,
				AA6FD695268C403D00F9C743 /* Resources */,
			);
			buildRules = (
			);
			dependencies = (
			);
			name = AnimalFriends2021Summer;
			packageProductDependencies = (
				AA6FD6AF268C407000F9C743 /* SwiftyJSON */,
				AA6FD6B2268C409400F9C743 /* Alamofire */,
			);
			productName = AnimalFriends2021Summer;
			productReference = AA6FD697268C403D00F9C743 /* AnimalFriends2021Summer.app */;
			productType = "com.apple.product-type.application";
		};
/* End PBXNativeTarget section */

/* Begin PBXProject section */
		AA6FD68F268C403D00F9C743 /* Project object */ = {
			isa = PBXProject;
			attributes = {
				LastSwiftUpdateCheck = 1250;
				LastUpgradeCheck = 1250;
				TargetAttributes = {
					AA6FD696268C403D00F9C743 = {
						CreatedOnToolsVersion = 12.5.1;
					};
				};
			};
			buildConfigurationList = AA6FD692268C403D00F9C743 /* Build configuration list for PBXProject "AnimalFriends2021Summer" */;
			compatibilityVersion = "Xcode 9.3";
			developmentRegion = en;
			hasScannedForEncodings = 0;
			knownRegions = (
				en,
				Base,
			);
			mainGroup = AA6FD68E268C403D00F9C743;
			packageReferences = (
				AA6FD6AE268C407000F9C743 /* XCRemoteSwiftPackageReference "SwiftyJSON" */,
				AA6FD6B1268C409400F9C743 /* XCRemoteSwiftPackageReference "Alamofire" */,
			);
			productRefGroup = AA6FD698268C403D00F9C743 /* Products */;
			projectDirPath = "";
			projectRoot = "";
			targets = (
				AA6FD696268C403D00F9C743 /* AnimalFriends2021Summer */,
			);
		};
/* End PBXProject section */

/* Begin PBXResourcesBuildPhase section */
		AA6FD695268C403D00F9C743 /* Resources */ = {
			isa = PBXResourcesBuildPhase;
			buildActionMask = 2147483647;
			files = (
				AA6FD6A7268C403E00F9C743 /* LaunchScreen.storyboard in Resources */,
				AA6FD6A4268C403E00F9C743 /* Assets.xcassets in Resources */,
				AA6FD6A2268C403D00F9C743 /* Main.storyboard in Resources */,
			);
			runOnlyForDeploymentPostprocessing = 0;
		};
/* End PBXResourcesBuildPhase section */

/* Begin PBXSourcesBuildPhase section */
		AA6FD693268C403D00F9C743 /* Sources */ = {
			isa = PBXSourcesBuildPhase;
			buildActionMask = 2147483647;
			files = (
				AA6FD69F268C403D00F9C743 /* ViewController.swift in Sources */,
				AA6FD69B268C403D00F9C743 /* AppDelegate.swift in Sources */,
				AA6FD69D268C403D00F9C743 /* SceneDelegate.swift in Sources */,
			);
			runOnlyForDeploymentPostprocessing = 0;
		};
/* End PBXSourcesBuildPhase section */

/* Begin PBXVariantGroup section */
		AA6FD6A0268C403D00F9C743 /* Main.storyboard */ = {
			isa = PBXVariantGroup;
			children = (
				AA6FD6A1268C403D00F9C743 /* Base */,
			);
			name = Main.storyboard;
			sourceTree = "<group>";
		};
		AA6FD6A5268C403E00F9C743 /* LaunchScreen.storyboard */ = {
			isa = PBXVariantGroup;
			children = (
				AA6FD6A6268C403E00F9C743 /* Base */,
			);
			name = LaunchScreen.storyboard;
			sourceTree = "<group>";
		};
/* End PBXVariantGroup section */

/* Begin XCBuildConfiguration section */
		AA6FD6A9268C403E00F9C743 /* Debug */ = {
			isa = XCBuildConfiguration;
			buildSettings = {
				ALWAYS_SEARCH_USER_PATHS = NO;
				CLANG_ANALYZER_NONNULL = YES;
				CLANG_ANALYZER_NUMBER_OBJECT_CONVERSION = YES_AGGRESSIVE;
				CLANG_CXX_LANGUAGE_STANDARD = "gnu++14";
				CLANG_CXX_LIBRARY = "libc++";
				CLANG_ENABLE_MODULES = YES;
				CLANG_ENABLE_OBJC_ARC = YES;
				CLANG_ENABLE_OBJC_WEAK = YES;
				CLANG_WARN_BLOCK_CAPTURE_AUTORELEASING = YES;
				CLANG_WARN_BOOL_CONVERSION = YES;
				CLANG_WARN_COMMA = YES;
				CLANG_WARN_CONSTANT_CONVERSION = YES;
				CLANG_WARN_DEPRECATED_OBJC_IMPLEMENTATIONS = YES;
				CLANG_WARN_DIRECT_OBJC_ISA_USAGE = YES_ERROR;
				CLANG_WARN_DOCUMENTATION_COMMENTS = YES;
				CLANG_WARN_EMPTY_BODY = YES;
				CLANG_WARN_ENUM_CONVERSION = YES;
				CLANG_WARN_INFINITE_RECURSION = YES;
				CLANG_WARN_INT_CONVERSION = YES;
				CLANG_WARN_NON_LITERAL_NULL_CONVERSION = YES;
				CLANG_WARN_OBJC_IMPLICIT_RETAIN_SELF = YES;
				CLANG_WARN_OBJC_LITERAL_CONVERSION = YES;
				CLANG_WARN_OBJC_ROOT_CLASS = YES_ERROR;
				CLANG_WARN_QUOTED_INCLUDE_IN_FRAMEWORK_HEADER = YES;
				CLANG_WARN_RANGE_LOOP_ANALYSIS = YES;
				CLANG_WARN_STRICT_PROTOTYPES = YES;
				CLANG_WARN_SUSPICIOUS_MOVE = YES;
				CLANG_WARN_UNGUARDED_AVAILABILITY = YES_AGGRESSIVE;
				CLANG_WARN_UNREACHABLE_CODE = YES;
				CLANG_WARN__DUPLICATE_METHOD_MATCH = YES;
				COPY_PHASE_STRIP = NO;
				DEBUG_INFORMATION_FORMAT = dwarf;
				ENABLE_STRICT_OBJC_MSGSEND = YES;
				ENABLE_TESTABILITY = YES;
				GCC_C_LANGUAGE_STANDARD = gnu11;
				GCC_DYNAMIC_NO_PIC = NO;
				GCC_NO_COMMON_BLOCKS = YES;
				GCC_OPTIMIZATION_LEVEL = 0;
				GCC_PREPROCESSOR_DEFINITIONS = (
					"DEBUG=1",
					"$(inherited)",
				);
				GCC_WARN_64_TO_32_BIT_CONVERSION = YES;
				GCC_WARN_ABOUT_RETURN_TYPE = YES_ERROR;
				GCC_WARN_UNDECLARED_SELECTOR = YES;
				GCC_WARN_UNINITIALIZED_AUTOS = YES_AGGRESSIVE;
				GCC_WARN_UNUSED_FUNCTION = YES;
				GCC_WARN_UNUSED_VARIABLE = YES;
				IPHONEOS_DEPLOYMENT_TARGET = 14.5;
				MTL_ENABLE_DEBUG_INFO = INCLUDE_SOURCE;
				MTL_FAST_MATH = YES;
				ONLY_ACTIVE_ARCH = YES;
				SDKROOT = iphoneos;
				SWIFT_ACTIVE_COMPILATION_CONDITIONS = DEBUG;
				SWIFT_OPTIMIZATION_LEVEL = "-Onone";
			};
			name = Debug;
		};
		AA6FD6AA268C403E00F9C743 /* Release */ = {
			isa = XCBuildConfiguration;
			buildSettings = {
				ALWAYS_SEARCH_USER_PATHS = NO;
				CLANG_ANALYZER_NONNULL = YES;
				CLANG_ANALYZER_NUMBER_OBJECT_CONVERSION = YES_AGGRESSIVE;
				CLANG_CXX_LANGUAGE_STANDARD = "gnu++14";
				CLANG_CXX_LIBRARY = "libc++";
				CLANG_ENABLE_MODULES = YES;
				CLANG_ENABLE_OBJC_ARC = YES;
				CLANG_ENABLE_OBJC_WEAK = YES;
				CLANG_WARN_BLOCK_CAPTURE_AUTORELEASING = YES;
				CLANG_WARN_BOOL_CONVERSION = YES;
				CLANG_WARN_COMMA = YES;
				CLANG_WARN_CONSTANT_CONVERSION = YES;
				CLANG_WARN_DEPRECATED_OBJC_IMPLEMENTATIONS = YES;
				CLANG_WARN_DIRECT_OBJC_ISA_USAGE = YES_ERROR;
				CLANG_WARN_DOCUMENTATION_COMMENTS = YES;
				CLANG_WARN_EMPTY_BODY = YES;
				CLANG_WARN_ENUM_CONVERSION = YES;
				CLANG_WARN_INFINITE_RECURSION = YES;
				CLANG_WARN_INT_CONVERSION = YES;
				CLANG_WARN_NON_LITERAL_NULL_CONVERSION = YES;
				CLANG_WARN_OBJC_IMPLICIT_RETAIN_SELF = YES;
				CLANG_WARN_OBJC_LITERAL_CONVERSION = YES;
				CLANG_WARN_OBJC_ROOT_CLASS = YES_ERROR;
				CLANG_WARN_QUOTED_INCLUDE_IN_FRAMEWORK_HEADER = YES;
				CLANG_WARN_RANGE_LOOP_ANALYSIS = YES;
				CLANG_WARN_STRICT_PROTOTYPES = YES;
				CLANG_WARN_SUSPICIOUS_MOVE = YES;
				CLANG_WARN_UNGUARDED_AVAILABILITY = YES_AGGRESSIVE;
				CLANG_WARN_UNREACHABLE_CODE = YES;
				CLANG_WARN__DUPLICATE_METHOD_MATCH = YES;
				COPY_PHASE_STRIP = NO;
				DEBUG_INFORMATION_FORMAT = "dwarf-with-dsym";
				ENABLE_NS_ASSERTIONS = NO;
				ENABLE_STRICT_OBJC_MSGSEND = YES;
				GCC_C_LANGUAGE_STANDARD = gnu11;
				GCC_NO_COMMON_BLOCKS = YES;
				GCC_WARN_64_TO_32_BIT_CONVERSION = YES;
				GCC_WARN_ABOUT_RETURN_TYPE = YES_ERROR;
				GCC_WARN_UNDECLARED_SELECTOR = YES;
				GCC_WARN_UNINITIALIZED_AUTOS = YES_AGGRESSIVE;
				GCC_WARN_UNUSED_FUNCTION = YES;
				GCC_WARN_UNUSED_VARIABLE = YES;
				IPHONEOS_DEPLOYMENT_TARGET = 14.5;
				MTL_ENABLE_DEBUG_INFO = NO;
				MTL_FAST_MATH = YES;
				SDKROOT = iphoneos;
				SWIFT_COMPILATION_MODE = wholemodule;
				SWIFT_OPTIMIZATION_LEVEL = "-O";
				VALIDATE_PRODUCT = YES;
			};
			name = Release;
		};
		AA6FD6AC268C403E00F9C743 /* Debug */ = {
			isa = XCBuildConfiguration;
			buildSettings = {
				ASSETCATALOG_COMPILER_APPICON_NAME = AppIcon;
				ASSETCATALOG_COMPILER_GLOBAL_ACCENT_COLOR_NAME = AccentColor;
				CODE_SIGN_STYLE = Automatic;
				DEVELOPMENT_TEAM = U4WHYADYH2;
				INFOPLIST_FILE = AnimalFriends2021Summer/Info.plist;
				LD_RUNPATH_SEARCH_PATHS = (
					"$(inherited)",
					"@executable_path/Frameworks",
				);
				PRODUCT_BUNDLE_IDENTIFIER = world.aiclub.AnimalFriends2021Summer;
				PRODUCT_NAME = "$(TARGET_NAME)";
				SWIFT_VERSION = 5.0;
				TARGETED_DEVICE_FAMILY = "1,2";
			};
			name = Debug;
		};
		AA6FD6AD268C403E00F9C743 /* Release */ = {
			isa = XCBuildConfiguration;
			buildSettings = {
				ASSETCATALOG_COMPILER_APPICON_NAME = AppIcon;
				ASSETCATALOG_COMPILER_GLOBAL_ACCENT_COLOR_NAME = AccentColor;
				CODE_SIGN_STYLE = Automatic;
				DEVELOPMENT_TEAM = U4WHYADYH2;
				INFOPLIST_FILE = AnimalFriends2021Summer/Info.plist;
				LD_RUNPATH_SEARCH_PATHS = (
					"$(inherited)",
					"@executable_path/Frameworks",
				);
				PRODUCT_BUNDLE_IDENTIFIER = world.aiclub.AnimalFriends2021Summer;
				PRODUCT_NAME = "$(TARGET_NAME)";
				SWIFT_VERSION = 5.0;
				TARGETED_DEVICE_FAMILY = "1,2";
			};
			name = Release;
		};
/* End XCBuildConfiguration section */

/* Begin XCConfigurationList section */
		AA6FD692268C403D00F9C743 /* Build configuration list for PBXProject "AnimalFriends2021Summer" */ = {
			isa = XCConfigurationList;
			buildConfigurations = (
				AA6FD6A9268C403E00F9C743 /* Debug */,
				AA6FD6AA268C403E00F9C743 /* Release */,
			);
			defaultConfigurationIsVisible = 0;
			defaultConfigurationName = Release;
		};
		AA6FD6AB268C403E00F9C743 /* Build configuration list for PBXNativeTarget "AnimalFriends2021Summer" */ = {
			isa = XCConfigurationList;
			buildConfigurations = (
				AA6FD6AC268C403E00F9C743 /* Debug */,
				AA6FD6AD268C403E00F9C743 /* Release */,
			);
			defaultConfigurationIsVisible = 0;
			defaultConfigurationName = Release;
		};
/* End XCConfigurationList section */

/* Begin XCRemoteSwiftPackageReference section */
		AA6FD6AE268C407000F9C743 /* XCRemoteSwiftPackageReference "SwiftyJSON" */ = {
			isa = XCRemoteSwiftPackageReference;
			repositoryURL = "https://github.com/SwiftyJSON/SwiftyJSON";
			requirement = {
				kind = upToNextMajorVersion;
				minimumVersion = 5.0.1;
			};
		};
		AA6FD6B1268C409400F9C743 /* XCRemoteSwiftPackageReference "Alamofire" */ = {
			isa = XCRemoteSwiftPackageReference;
			repositoryURL = "https://github.com/Alamofire/Alamofire";
			requirement = {
				kind = upToNextMajorVersion;
				minimumVersion = 5.4.3;
			};
		};
/* End XCRemoteSwiftPackageReference section */

/* Begin XCSwiftPackageProductDependency section */
		AA6FD6AF268C407000F9C743 /* SwiftyJSON */ = {
			isa = XCSwiftPackageProductDependency;
			package = AA6FD6AE268C407000F9C743 /* XCRemoteSwiftPackageReference "SwiftyJSON" */;
			productName = SwiftyJSON;
		};
		AA6FD6B2268C409400F9C743 /* Alamofire */ = {
			isa = XCSwiftPackageProductDependency;
			package = AA6FD6B1268C409400F9C743 /* XCRemoteSwiftPackageReference "Alamofire" */;
			productName = Alamofire;
		};
/* End XCSwiftPackageProductDependency section */
	};
	rootObject = AA6FD68F268C403D00F9C743 /* Project object */;
}
